
Microsoft Visual Studio Solution File, Format Version 11.00
# Visual Studio 2010
Project("{FAE04EC0-301F-11D3-BF4B-00C04F79EFBC}") = "ccnet.EnhancedBuildPublisher.plugin", "ccnet.EnhancedBuildPublisher.plugin.csproj", "{BDB21106-B210-4900-AD93-B4D32A97B013}"
EndProject
Global
	GlobalSection(SolutionConfigurationPlatforms) = preSolution
		Debug|Any CPU = Debug|Any CPU
		Release|Any CPU = Release|Any CPU
	EndGlobalSection
	GlobalSection(ProjectConfigurationPlatforms) = postSolution
		{BDB21106-B210-4900-AD93-B4D32A97B013}.Debug|Any CPU.ActiveCfg = Debug|Any CPU
		{BDB21106-B210-4900-AD93-B4D32A97B013}.Debug|Any CPU.Build.0 = Debug|Any CPU
		{BDB21106-B210-4900-AD93-B4D32A97B013}.Release|Any CPU.ActiveCfg = Release|Any CPU
		{BDB21106-B210-4900-AD93-B4D32A97B013}.Release|Any CPU.Build.0 = Release|Any CPU
	EndGlobalSection
	GlobalSection(SolutionProperties) = preSolution
		HideSolutionNode = FALSE
	EndGlobalSection
EndGlobal
